
Microsoft Visual Studio Solution File, Format Version 11.00
# Visual Studio 2010
Project("{FAE04EC0-301F-11D3-BF4B-00C04F79EFBC}") = "Web", "src\Web\Web.csproj", "{8E85204E-5543-4E63-95DF-1116DF0398FB}"
EndProject
Project("{2150E333-8FDC-42A3-9474-1A3956D46DE8}") = "Database", "Database", "{D3F1E94C-E434-4B73-A1F0-D37D1A465133}"
EndProject
Project("{FAE04EC0-301F-11D3-BF4B-00C04F79EFBC}") = "PrestigeDB", "src\Prestige.DB\PrestigeDB.csproj", "{9CD0A0A2-B94F-4969-8E63-076B6FF9CB3B}"
EndProject
Project("{FAE04EC0-301F-11D3-BF4B-00C04F79EFBC}") = "PrestigeDBModels", "src\Prestige.DB.Models\PrestigeDBModels.csproj", "{35F11BBA-2012-4C70-943B-197E7F163454}"
EndProject
Project("{FAE04EC0-301F-11D3-BF4B-00C04F79EFBC}") = "PrestigeEF", "src\Prestige.EF\PrestigeEF.csproj", "{7D1B4317-F4C4-4250-94BF-F14ECB52E2C6}"
EndProject
Project("{FAE04EC0-301F-11D3-BF4B-00C04F79EFBC}") = "PrestigeRepositories", "src\Prestige.Repositories\PrestigeRepositories.csproj", "{667BC207-A4FF-40A6-B9E6-6F9E244AAECD}"
EndProject
Project("{FAE04EC0-301F-11D3-BF4B-00C04F79EFBC}") = "PrestigeServices", "src\Prestige.Services\PrestigeServices.csproj", "{D67EA789-E659-46A3-9683-10682D121713}"
EndProject
Project("{2150E333-8FDC-42A3-9474-1A3956D46DE8}") = ".nuget", ".nuget", "{6514F6C8-C335-4567-BCD6-7AE88C7B6D7E}"
	ProjectSection(SolutionItems) = preProject
		.nuget\NuGet.Config = .nuget\NuGet.Config
		.nuget\NuGet.exe = .nuget\NuGet.exe
		.nuget\NuGet.targets = .nuget\NuGet.targets
	EndProjectSection
EndProject
Project("{FAE04EC0-301F-11D3-BF4B-00C04F79EFBC}") = "QueueReader", "src\QueueReader\QueueReader.csproj", "{A5034F0E-84A0-4745-AF85-2C73F21D9E51}"
EndProject
Project("{2150E333-8FDC-42A3-9474-1A3956D46DE8}") = "Tests", "Tests", "{FCBB82F5-00C9-4DD6-AE65-EC12AC071E60}"
EndProject
Project("{FAE04EC0-301F-11D3-BF4B-00C04F79EFBC}") = "ServiceTests", "src\ServiceTests\ServiceTests.csproj", "{83808912-62F9-4CFA-B2C9-85B7B4527F18}"
EndProject
Project("{2150E333-8FDC-42A3-9474-1A3956D46DE8}") = "Solution Items", "Solution Items", "{F2B6B0C4-B53B-4821-99C3-DE4F0B2EBB12}"
	ProjectSection(SolutionItems) = preProject
		Local.testsettings = Local.testsettings
		PrestigeYoYo.vsmdi = PrestigeYoYo.vsmdi
		TraceAndTestImpact.testsettings = TraceAndTestImpact.testsettings
	EndProjectSection
EndProject
Global
	GlobalSection(TestCaseManagementSettings) = postSolution
		CategoryFile = PrestigeYoYo.vsmdi
	EndGlobalSection
	GlobalSection(SolutionConfigurationPlatforms) = preSolution
		Debug|Any CPU = Debug|Any CPU
		Debug|Mixed Platforms = Debug|Mixed Platforms
		Debug|x86 = Debug|x86
		Release|Any CPU = Release|Any CPU
		Release|Mixed Platforms = Release|Mixed Platforms
		Release|x86 = Release|x86
	EndGlobalSection
	GlobalSection(ProjectConfigurationPlatforms) = postSolution
		{8E85204E-5543-4E63-95DF-1116DF0398FB}.Debug|Any CPU.ActiveCfg = Debug|Any CPU
		{8E85204E-5543-4E63-95DF-1116DF0398FB}.Debug|Any CPU.Build.0 = Debug|Any CPU
		{8E85204E-5543-4E63-95DF-1116DF0398FB}.Debug|Mixed Platforms.ActiveCfg = Debug|Any CPU
		{8E85204E-5543-4E63-95DF-1116DF0398FB}.Debug|Mixed Platforms.Build.0 = Debug|Any CPU
		{8E85204E-5543-4E63-95DF-1116DF0398FB}.Debug|x86.ActiveCfg = Debug|Any CPU
		{8E85204E-5543-4E63-95DF-1116DF0398FB}.Release|Any CPU.ActiveCfg = Release|Any CPU
		{8E85204E-5543-4E63-95DF-1116DF0398FB}.Release|Any CPU.Build.0 = Release|Any CPU
		{8E85204E-5543-4E63-95DF-1116DF0398FB}.Release|Mixed Platforms.ActiveCfg = Release|Any CPU
		{8E85204E-5543-4E63-95DF-1116DF0398FB}.Release|Mixed Platforms.Build.0 = Release|Any CPU
		{8E85204E-5543-4E63-95DF-1116DF0398FB}.Release|x86.ActiveCfg = Release|Any CPU
		{9CD0A0A2-B94F-4969-8E63-076B6FF9CB3B}.Debug|Any CPU.ActiveCfg = Debug|Any CPU
		{9CD0A0A2-B94F-4969-8E63-076B6FF9CB3B}.Debug|Any CPU.Build.0 = Debug|Any CPU
		{9CD0A0A2-B94F-4969-8E63-076B6FF9CB3B}.Debug|Mixed Platforms.ActiveCfg = Debug|Any CPU
		{9CD0A0A2-B94F-4969-8E63-076B6FF9CB3B}.Debug|Mixed Platforms.Build.0 = Debug|Any CPU
		{9CD0A0A2-B94F-4969-8E63-076B6FF9CB3B}.Debug|x86.ActiveCfg = Debug|Any CPU
		{9CD0A0A2-B94F-4969-8E63-076B6FF9CB3B}.Release|Any CPU.ActiveCfg = Release|Any CPU
		{9CD0A0A2-B94F-4969-8E63-076B6FF9CB3B}.Release|Any CPU.Build.0 = Release|Any CPU
		{9CD0A0A2-B94F-4969-8E63-076B6FF9CB3B}.Release|Mixed Platforms.ActiveCfg = Release|Any CPU
		{9CD0A0A2-B94F-4969-8E63-076B6FF9CB3B}.Release|Mixed Platforms.Build.0 = Release|Any CPU
		{9CD0A0A2-B94F-4969-8E63-076B6FF9CB3B}.Release|x86.ActiveCfg = Release|Any CPU
		{35F11BBA-2012-4C70-943B-197E7F163454}.Debug|Any CPU.ActiveCfg = Debug|Any CPU
		{35F11BBA-2012-4C70-943B-197E7F163454}.Debug|Any CPU.Build.0 = Debug|Any CPU
		{35F11BBA-2012-4C70-943B-197E7F163454}.Debug|Mixed Platforms.ActiveCfg = Debug|Any CPU
		{35F11BBA-2012-4C70-943B-197E7F163454}.Debug|Mixed Platforms.Build.0 = Debug|Any CPU
		{35F11BBA-2012-4C70-943B-197E7F163454}.Debug|x86.ActiveCfg = Debug|Any CPU
		{35F11BBA-2012-4C70-943B-197E7F163454}.Release|Any CPU.ActiveCfg = Release|Any CPU
		{35F11BBA-2012-4C70-943B-197E7F163454}.Release|Any CPU.Build.0 = Release|Any CPU
		{35F11BBA-2012-4C70-943B-197E7F163454}.Release|Mixed Platforms.ActiveCfg = Release|Any CPU
		{35F11BBA-2012-4C70-943B-197E7F163454}.Release|Mixed Platforms.Build.0 = Release|Any CPU
		{35F11BBA-2012-4C70-943B-197E7F163454}.Release|x86.ActiveCfg = Release|Any CPU
		{7D1B4317-F4C4-4250-94BF-F14ECB52E2C6}.Debug|Any CPU.ActiveCfg = Debug|Any CPU
		{7D1B4317-F4C4-4250-94BF-F14ECB52E2C6}.Debug|Any CPU.Build.0 = Debug|Any CPU
		{7D1B4317-F4C4-4250-94BF-F14ECB52E2C6}.Debug|Mixed Platforms.ActiveCfg = Debug|Any CPU
		{7D1B4317-F4C4-4250-94BF-F14ECB52E2C6}.Debug|Mixed Platforms.Build.0 = Debug|Any CPU
		{7D1B4317-F4C4-4250-94BF-F14ECB52E2C6}.Debug|x86.ActiveCfg = Debug|Any CPU
		{7D1B4317-F4C4-4250-94BF-F14ECB52E2C6}.Release|Any CPU.ActiveCfg = Release|Any CPU
		{7D1B4317-F4C4-4250-94BF-F14ECB52E2C6}.Release|Any CPU.Build.0 = Release|Any CPU
		{7D1B4317-F4C4-4250-94BF-F14ECB52E2C6}.Release|Mixed Platforms.ActiveCfg = Release|Any CPU
		{7D1B4317-F4C4-4250-94BF-F14ECB52E2C6}.Release|Mixed Platforms.Build.0 = Release|Any CPU
		{7D1B4317-F4C4-4250-94BF-F14ECB52E2C6}.Release|x86.ActiveCfg = Release|Any CPU
		{667BC207-A4FF-40A6-B9E6-6F9E244AAECD}.Debug|Any CPU.ActiveCfg = Debug|Any CPU
		{667BC207-A4FF-40A6-B9E6-6F9E244AAECD}.Debug|Any CPU.Build.0 = Debug|Any CPU
		{667BC207-A4FF-40A6-B9E6-6F9E244AAECD}.Debug|Mixed Platforms.ActiveCfg = Debug|Any CPU
		{667BC207-A4FF-40A6-B9E6-6F9E244AAECD}.Debug|Mixed Platforms.Build.0 = Debug|Any CPU
		{667BC207-A4FF-40A6-B9E6-6F9E244AAECD}.Debug|x86.ActiveCfg = Debug|Any CPU
		{667BC207-A4FF-40A6-B9E6-6F9E244AAECD}.Release|Any CPU.ActiveCfg = Release|Any CPU
		{667BC207-A4FF-40A6-B9E6-6F9E244AAECD}.Release|Any CPU.Build.0 = Release|Any CPU
		{667BC207-A4FF-40A6-B9E6-6F9E244AAECD}.Release|Mixed Platforms.ActiveCfg = Release|Any CPU
		{667BC207-A4FF-40A6-B9E6-6F9E244AAECD}.Release|Mixed Platforms.Build.0 = Release|Any CPU
		{667BC207-A4FF-40A6-B9E6-6F9E244AAECD}.Release|x86.ActiveCfg = Release|Any CPU
		{D67EA789-E659-46A3-9683-10682D121713}.Debug|Any CPU.ActiveCfg = Debug|Any CPU
		{D67EA789-E659-46A3-9683-10682D121713}.Debug|Any CPU.Build.0 = Debug|Any CPU
		{D67EA789-E659-46A3-9683-10682D121713}.Debug|Mixed Platforms.ActiveCfg = Debug|Any CPU
		{D67EA789-E659-46A3-9683-10682D121713}.Debug|Mixed Platforms.Build.0 = Debug|Any CPU
		{D67EA789-E659-46A3-9683-10682D121713}.Debug|x86.ActiveCfg = Debug|Any CPU
		{D67EA789-E659-46A3-9683-10682D121713}.Release|Any CPU.ActiveCfg = Release|Any CPU
		{D67EA789-E659-46A3-9683-10682D121713}.Release|Any CPU.Build.0 = Release|Any CPU
		{D67EA789-E659-46A3-9683-10682D121713}.Release|Mixed Platforms.ActiveCfg = Release|Any CPU
		{D67EA789-E659-46A3-9683-10682D121713}.Release|Mixed Platforms.Build.0 = Release|Any CPU
		{D67EA789-E659-46A3-9683-10682D121713}.Release|x86.ActiveCfg = Release|Any CPU
		{A5034F0E-84A0-4745-AF85-2C73F21D9E51}.Debug|Any CPU.ActiveCfg = Debug|x86
		{A5034F0E-84A0-4745-AF85-2C73F21D9E51}.Debug|Mixed Platforms.ActiveCfg = Debug|x86
		{A5034F0E-84A0-4745-AF85-2C73F21D9E51}.Debug|Mixed Platforms.Build.0 = Debug|x86
		{A5034F0E-84A0-4745-AF85-2C73F21D9E51}.Debug|x86.ActiveCfg = Debug|x86
		{A5034F0E-84A0-4745-AF85-2C73F21D9E51}.Debug|x86.Build.0 = Debug|x86
		{A5034F0E-84A0-4745-AF85-2C73F21D9E51}.Release|Any CPU.ActiveCfg = Release|x86
		{A5034F0E-84A0-4745-AF85-2C73F21D9E51}.Release|Mixed Platforms.ActiveCfg = Release|x86
		{A5034F0E-84A0-4745-AF85-2C73F21D9E51}.Release|Mixed Platforms.Build.0 = Release|x86
		{A5034F0E-84A0-4745-AF85-2C73F21D9E51}.Release|x86.ActiveCfg = Release|x86
		{A5034F0E-84A0-4745-AF85-2C73F21D9E51}.Release|x86.Build.0 = Release|x86
		{83808912-62F9-4CFA-B2C9-85B7B4527F18}.Debug|Any CPU.ActiveCfg = Debug|Any CPU
		{83808912-62F9-4CFA-B2C9-85B7B4527F18}.Debug|Any CPU.Build.0 = Debug|Any CPU
		{83808912-62F9-4CFA-B2C9-85B7B4527F18}.Debug|Mixed Platforms.ActiveCfg = Debug|Any CPU
		{83808912-62F9-4CFA-B2C9-85B7B4527F18}.Debug|Mixed Platforms.Build.0 = Debug|Any CPU
		{83808912-62F9-4CFA-B2C9-85B7B4527F18}.Debug|x86.ActiveCfg = Debug|Any CPU
		{83808912-62F9-4CFA-B2C9-85B7B4527F18}.Release|Any CPU.ActiveCfg = Release|Any CPU
		{83808912-62F9-4CFA-B2C9-85B7B4527F18}.Release|Any CPU.Build.0 = Release|Any CPU
		{83808912-62F9-4CFA-B2C9-85B7B4527F18}.Release|Mixed Platforms.ActiveCfg = Release|Any CPU
		{83808912-62F9-4CFA-B2C9-85B7B4527F18}.Release|Mixed Platforms.Build.0 = Release|Any CPU
		{83808912-62F9-4CFA-B2C9-85B7B4527F18}.Release|x86.ActiveCfg = Release|Any CPU
	EndGlobalSection
	GlobalSection(SolutionProperties) = preSolution
		HideSolutionNode = FALSE
	EndGlobalSection
	GlobalSection(NestedProjects) = preSolution
		{9CD0A0A2-B94F-4969-8E63-076B6FF9CB3B} = {D3F1E94C-E434-4B73-A1F0-D37D1A465133}
		{35F11BBA-2012-4C70-943B-197E7F163454} = {D3F1E94C-E434-4B73-A1F0-D37D1A465133}
		{7D1B4317-F4C4-4250-94BF-F14ECB52E2C6} = {D3F1E94C-E434-4B73-A1F0-D37D1A465133}
		{83808912-62F9-4CFA-B2C9-85B7B4527F18} = {FCBB82F5-00C9-4DD6-AE65-EC12AC071E60}
	EndGlobalSection
EndGlobal
